{
  "name": "yospace-ssai",
  "version": "1.0.0",
  "lockfileVersion": 2,
  "requires": true,
  "packages": {
    "": {
      "name": "yospace-ssai",
      "dependencies": {
        "@bitmovin/player-integration-yospace": "file:../../../player-web-integrations-yospace",
        "@yospace/admanagement-sdk": "^3.4.0",
        "bitmovin-player": "^8.87.0",
        "bitmovin-player-ui": "^3.28.1"
      },
      "devDependencies": {
        "esbuild": "^0.12.15",
        "typescript": "^4.3.5"
      }
    },
    "../../../player-web-integrations-yospace": {
      "version": "2.0.0-a.0",
      "license": "MIT",
      "dependencies": {
        "fast-safe-stringify": "^2.0.7",
        "process": "^0.11.10",
        "stream-browserify": "^3.0.0"
      },
      "devDependencies": {
        "@typescript-eslint/eslint-plugin": "^5.27.1",
        "@typescript-eslint/parser": "^5.27.1",
        "bitmovin-analytics": "^2.27.0",
        "bitmovin-player-ui": "^3.37.0",
        "eslint": "^8.17.0",
        "husky": "^8.0.1",
        "lint-staged": "^13.0.1",
        "prettier": "2.6.2",
        "ts-loader": "^9.3.0",
        "typescript": "^3.9.10",
        "webpack": "^5.73.0",
        "webpack-cli": "^4.9.2",
        "webpack-dev-middleware": "^5.3.3",
        "webpack-dev-server": "^4.9.1",
        "webpack-merge": "^5.8.0"
      },
      "engines": {
        "node": "16.15.1"
      },
      "peerDependencies": {
        "@yospace/admanagement-sdk": "^3.4.0",
        "bitmovin-player": "^8.86.0"
      }
    },
    "../../player-web-integrations-yospace": {
      "name": "@bitmovin/player-integration-yospace",
      "version": "2.0.0-a.0",
      "extraneous": true,
      "license": "MIT",
      "dependencies": {
        "fast-safe-stringify": "^2.0.7",
        "process": "^0.11.10",
        "stream-browserify": "^3.0.0"
      },
      "devDependencies": {
        "@typescript-eslint/eslint-plugin": "^5.27.1",
        "@typescript-eslint/parser": "^5.27.1",
        "bitmovin-analytics": "^2.27.0",
        "bitmovin-player": "^8.86.0",
        "bitmovin-player-ui": "^3.37.0",
        "eslint": "^8.17.0",
        "husky": "^8.0.1",
        "lint-staged": "^13.0.1",
        "prettier": "2.6.2",
        "ts-loader": "^9.3.0",
        "typescript": "^3.9.10",
        "webpack": "^5.73.0",
        "webpack-cli": "^4.9.2",
        "webpack-dev-middleware": "^5.3.3",
        "webpack-dev-server": "^4.9.1",
        "webpack-merge": "^5.8.0"
      },
      "engines": {
        "node": "16.15.1"
      },
      "peerDependencies": {
        "@yospace/admanagement-sdk": "^3.4.0"
      }
    },
    "node_modules/@bitmovin/player-integration-yospace": {
      "resolved": "../../../player-web-integrations-yospace",
      "link": true
    },
    "node_modules/@yospace/admanagement-sdk": {
      "version": "3.4.0",
      "resolved": "https://yospacerepo.jfrog.io/artifactory/api/npm/javascript-sdk/@yospace/admanagement-sdk/-/@yospace/admanagement-sdk-3.4.0.tgz",
      "integrity": "sha512-1mmt7ieikf+NTpVEpRYxDDQP1Y7qV1epT6M2kCOMt5OgA5XjkB74ZmITGuvoB7/XPoUoL+WLcuGdiLQJWApT5g==",
      "license": "SEE LICENSE IN LICENCE",
      "dependencies": {
        "sax": "^1.2.4"
      }
    },
    "node_modules/bitmovin-player": {
      "version": "8.87.0",
      "resolved": "https://registry.npmjs.org/bitmovin-player/-/bitmovin-player-8.87.0.tgz",
      "integrity": "sha512-pnK0azjDW9orIaeO3vowrI+e55tbZxSbFb2BgbPFdB7aV5Kgc6F58AtRSoXkbhGvntTtI51lFe51e0btcBWGwA=="
    },
    "node_modules/bitmovin-player-ui": {
      "version": "3.28.1",
      "resolved": "https://registry.npmjs.org/bitmovin-player-ui/-/bitmovin-player-ui-3.28.1.tgz",
      "integrity": "sha512-r5X/5MikC2KgR4um8QnO3pUGP8J+jG6/K6Sx3l1yxCpsIDGzoVWVBGYcdQN2a+5yTYewBoqNhfeIev2J3ni8xA=="
    },
    "node_modules/esbuild": {
      "version": "0.12.15",
      "resolved": "https://registry.npmjs.org/esbuild/-/esbuild-0.12.15.tgz",
      "integrity": "sha512-72V4JNd2+48eOVCXx49xoSWHgC3/cCy96e7mbXKY+WOWghN00cCmlGnwVLRhRHorvv0dgCyuMYBZlM2xDM5OQw==",
      "dev": true,
      "hasInstallScript": true,
      "bin": {
        "esbuild": "bin/esbuild"
      }
    },
    "node_modules/sax": {
      "version": "1.2.4",
      "resolved": "https://registry.npmjs.org/sax/-/sax-1.2.4.tgz",
      "integrity": "sha512-NqVDv9TpANUjFm0N8uM5GxL36UgKi9/atZw+x7YFnQ8ckwFGKrl4xX4yWtrey3UJm5nP1kUbnYgLopqWNSRhWw=="
    },
    "node_modules/typescript": {
      "version": "4.3.5",
      "resolved": "https://registry.npmjs.org/typescript/-/typescript-4.3.5.tgz",
      "integrity": "sha512-DqQgihaQ9cUrskJo9kIyW/+g0Vxsk8cDtZ52a3NGh0YNTfpUSArXSohyUGnvbPazEPLu398C0UxmKSOrPumUzA==",
      "dev": true,
      "bin": {
        "tsc": "bin/tsc",
        "tsserver": "bin/tsserver"
      },
      "engines": {
        "node": ">=4.2.0"
      }
    }
  },
  "dependencies": {
    "@bitmovin/player-integration-yospace": {
      "version": "file:../../../player-web-integrations-yospace",
      "requires": {
        "@typescript-eslint/eslint-plugin": "^5.27.1",
        "@typescript-eslint/parser": "^5.27.1",
        "bitmovin-analytics": "^2.27.0",
        "bitmovin-player-ui": "^3.37.0",
        "eslint": "^8.17.0",
        "fast-safe-stringify": "^2.0.7",
        "husky": "^8.0.1",
        "lint-staged": "^13.0.1",
        "prettier": "2.6.2",
        "process": "^0.11.10",
        "stream-browserify": "^3.0.0",
        "ts-loader": "^9.3.0",
        "typescript": "^3.9.10",
        "webpack": "^5.73.0",
        "webpack-cli": "^4.9.2",
        "webpack-dev-middleware": "^5.3.3",
        "webpack-dev-server": "^4.9.1",
        "webpack-merge": "^5.8.0"
      }
    },
    "@yospace/admanagement-sdk": {
      "version": "3.4.0",
      "resolved": "https://yospacerepo.jfrog.io/artifactory/api/npm/javascript-sdk/@yospace/admanagement-sdk/-/@yospace/admanagement-sdk-3.4.0.tgz",
      "integrity": "sha512-1mmt7ieikf+NTpVEpRYxDDQP1Y7qV1epT6M2kCOMt5OgA5XjkB74ZmITGuvoB7/XPoUoL+WLcuGdiLQJWApT5g==",
      "requires": {
        "sax": "^1.2.4"
      }
    },
    "bitmovin-player": {
      "version": "8.87.0",
      "resolved": "https://registry.npmjs.org/bitmovin-player/-/bitmovin-player-8.87.0.tgz",
      "integrity": "sha512-pnK0azjDW9orIaeO3vowrI+e55tbZxSbFb2BgbPFdB7aV5Kgc6F58AtRSoXkbhGvntTtI51lFe51e0btcBWGwA=="
    },
    "bitmovin-player-ui": {
      "version": "3.28.1",
      "resolved": "https://registry.npmjs.org/bitmovin-player-ui/-/bitmovin-player-ui-3.28.1.tgz",
      "integrity": "sha512-r5X/5MikC2KgR4um8QnO3pUGP8J+jG6/K6Sx3l1yxCpsIDGzoVWVBGYcdQN2a+5yTYewBoqNhfeIev2J3ni8xA=="
    },
    "esbuild": {
      "version": "0.12.15",
      "resolved": "https://registry.npmjs.org/esbuild/-/esbuild-0.12.15.tgz",
      "integrity": "sha512-72V4JNd2+48eOVCXx49xoSWHgC3/cCy96e7mbXKY+WOWghN00cCmlGnwVLRhRHorvv0dgCyuMYBZlM2xDM5OQw==",
      "dev": true
    },
    "sax": {
      "version": "1.2.4",
      "resolved": "https://registry.npmjs.org/sax/-/sax-1.2.4.tgz",
      "integrity": "sha512-NqVDv9TpANUjFm0N8uM5GxL36UgKi9/atZw+x7YFnQ8ckwFGKrl4xX4yWtrey3UJm5nP1kUbnYgLopqWNSRhWw=="
    },
    "typescript": {
      "version": "4.3.5",
      "resolved": "https://registry.npmjs.org/typescript/-/typescript-4.3.5.tgz",
      "integrity": "sha512-DqQgihaQ9cUrskJo9kIyW/+g0Vxsk8cDtZ52a3NGh0YNTfpUSArXSohyUGnvbPazEPLu398C0UxmKSOrPumUzA==",
      "dev": true
    }
  }
}
