{
  "name": "typescript",
  "version": "1.0.0",
  "lockfileVersion": 2,
  "requires": true,
  "packages": {
    "": {
      "dependencies": {
        "bitmovin-player": "^8.65.0"
      },
      "devDependencies": {
        "esbuild": "^0.12.15",
        "typescript": "^4.3.5"
      }
    },
    "node_modules/bitmovin-player": {
      "version": "8.65.0",
      "resolved": "https://registry.npmjs.org/bitmovin-player/-/bitmovin-player-8.65.0.tgz",
      "integrity": "sha512-HQ7f5g7GocQppUtlNIdyRuqkRIPz9Nu6LBW8XRRNW4qUcezm0bKrus+4ZQ96dZIRaNN5EprhIOGxbVkhfXxTMg=="
    },
    "node_modules/esbuild": {
      "version": "0.12.15",
      "resolved": "https://registry.npmjs.org/esbuild/-/esbuild-0.12.15.tgz",
      "integrity": "sha512-72V4JNd2+48eOVCXx49xoSWHgC3/cCy96e7mbXKY+WOWghN00cCmlGnwVLRhRHorvv0dgCyuMYBZlM2xDM5OQw==",
      "dev": true,
      "hasInstallScript": true,
      "bin": {
        "esbuild": "bin/esbuild"
      }
    },
    "node_modules/typescript": {
      "version": "4.3.5",
      "resolved": "https://registry.npmjs.org/typescript/-/typescript-4.3.5.tgz",
      "integrity": "sha512-DqQgihaQ9cUrskJo9kIyW/+g0Vxsk8cDtZ52a3NGh0YNTfpUSArXSohyUGnvbPazEPLu398C0UxmKSOrPumUzA==",
      "dev": true,
      "bin": {
        "tsc": "bin/tsc",
        "tsserver": "bin/tsserver"
      },
      "engines": {
        "node": ">=4.2.0"
      }
    }
  },
  "dependencies": {
    "bitmovin-player": {
      "version": "8.65.0",
      "resolved": "https://registry.npmjs.org/bitmovin-player/-/bitmovin-player-8.65.0.tgz",
      "integrity": "sha512-HQ7f5g7GocQppUtlNIdyRuqkRIPz9Nu6LBW8XRRNW4qUcezm0bKrus+4ZQ96dZIRaNN5EprhIOGxbVkhfXxTMg=="
    },
    "esbuild": {
      "version": "0.12.15",
      "resolved": "https://registry.npmjs.org/esbuild/-/esbuild-0.12.15.tgz",
      "integrity": "sha512-72V4JNd2+48eOVCXx49xoSWHgC3/cCy96e7mbXKY+WOWghN00cCmlGnwVLRhRHorvv0dgCyuMYBZlM2xDM5OQw==",
      "dev": true
    },
    "typescript": {
      "version": "4.3.5",
      "resolved": "https://registry.npmjs.org/typescript/-/typescript-4.3.5.tgz",
      "integrity": "sha512-DqQgihaQ9cUrskJo9kIyW/+g0Vxsk8cDtZ52a3NGh0YNTfpUSArXSohyUGnvbPazEPLu398C0UxmKSOrPumUzA==",
      "dev": true
    }
  }
}
